
Microsoft Visual Studio Solution File, Format Version 12.00
# Visual Studio Version 17
VisualStudioVersion = 17.14.36414.22
MinimumVisualStudioVersion = 10.0.40219.1
Project("{FAE04EC0-301F-11D3-BF4B-00C04F79EFBC}") = "sportschool", "sportschool\sportschool.csproj", "{C9AF50D4-7C74-40E2-8929-8C4E05CDC18B}"
EndProject
Project("{FAE04EC0-301F-11D3-BF4B-00C04F79EFBC}") = "TestSportschool", "TestSportschool\TestSportschool.csproj", "{D2381960-CAD5-4355-BA2E-40BC7B256463}"
EndProject
Global
	GlobalSection(SolutionConfigurationPlatforms) = preSolution
		Debug|Any CPU = Debug|Any CPU
		Release|Any CPU = Release|Any CPU
	EndGlobalSection
	GlobalSection(ProjectConfigurationPlatforms) = postSolution
		{C9AF50D4-7C74-40E2-8929-8C4E05CDC18B}.Debug|Any CPU.ActiveCfg = Debug|Any CPU
		{C9AF50D4-7C74-40E2-8929-8C4E05CDC18B}.Debug|Any CPU.Build.0 = Debug|Any CPU
		{C9AF50D4-7C74-40E2-8929-8C4E05CDC18B}.Release|Any CPU.ActiveCfg = Release|Any CPU
		{C9AF50D4-7C74-40E2-8929-8C4E05CDC18B}.Release|Any CPU.Build.0 = Release|Any CPU
		{D2381960-CAD5-4355-BA2E-40BC7B256463}.Debug|Any CPU.ActiveCfg = Debug|Any CPU
		{D2381960-CAD5-4355-BA2E-40BC7B256463}.Debug|Any CPU.Build.0 = Debug|Any CPU
		{D2381960-CAD5-4355-BA2E-40BC7B256463}.Release|Any CPU.ActiveCfg = Release|Any CPU
		{D2381960-CAD5-4355-BA2E-40BC7B256463}.Release|Any CPU.Build.0 = Release|Any CPU
	EndGlobalSection
	GlobalSection(SolutionProperties) = preSolution
		HideSolutionNode = FALSE
	EndGlobalSection
	GlobalSection(ExtensibilityGlobals) = postSolution
		SolutionGuid = {508650D4-BDB1-4670-9129-3921E13A52D6}
	EndGlobalSection
EndGlobal
